
Microsoft Visual Studio Solution File, Format Version 12.00
# 
Project("{FAE04EC0-301F-11D3-BF4B-00C04F79EFBC}") = "Computers", "Computers\Computers.csproj", "{EF448586-6123-43D9-A4D2-7E37386C209E}"
EndProject
Project("{FAE04EC0-301F-11D3-BF4B-00C04F79EFBC}") = "Computers.Tests", "Computers.Tests\Computers.Tests.csproj", "{A7B3C1D5-9E24-4F68-B0D2-3C5A8E7F1B42}"
EndProject
Project("{FAE04EC0-301F-11D3-BF4B-00C04F79EFBC}") = "Computers.E2e", "Computers.E2e\Computers.E2e.csproj", "{05BDB0DA-98AA-4334-AEE6-CF08A6C1DDF8}"
EndProject
Global
	GlobalSection(SolutionConfigurationPlatforms) = preSolution
		Debug|Any CPU = Debug|Any CPU
		Release|Any CPU = Release|Any CPU
	EndGlobalSection
	GlobalSection(ProjectConfigurationPlatforms) = postSolution
		{EF448586-6123-43D9-A4D2-7E37386C209E}.Debug|Any CPU.ActiveCfg = Debug|Any CPU
		{EF448586-6123-43D9-A4D2-7E37386C209E}.Debug|Any CPU.Build.0 = Debug|Any CPU
		{EF448586-6123-43D9-A4D2-7E37386C209E}.Release|Any CPU.ActiveCfg = Release|Any CPU
		{EF448586-6123-43D9-A4D2-7E37386C209E}.Release|Any CPU.Build.0 = Release|Any CPU
		{A7B3C1D5-9E24-4F68-B0D2-3C5A8E7F1B42}.Debug|Any CPU.ActiveCfg = Debug|Any CPU
		{A7B3C1D5-9E24-4F68-B0D2-3C5A8E7F1B42}.Debug|Any CPU.Build.0 = Debug|Any CPU
		{A7B3C1D5-9E24-4F68-B0D2-3C5A8E7F1B42}.Release|Any CPU.ActiveCfg = Release|Any CPU
		{A7B3C1D5-9E24-4F68-B0D2-3C5A8E7F1B42}.Release|Any CPU.Build.0 = Release|Any CPU
		{05BDB0DA-98AA-4334-AEE6-CF08A6C1DDF8}.Debug|Any CPU.ActiveCfg = Debug|Any CPU
		{05BDB0DA-98AA-4334-AEE6-CF08A6C1DDF8}.Debug|Any CPU.Build.0 = Debug|Any CPU
		{05BDB0DA-98AA-4334-AEE6-CF08A6C1DDF8}.Release|Any CPU.ActiveCfg = Release|Any CPU
		{05BDB0DA-98AA-4334-AEE6-CF08A6C1DDF8}.Release|Any CPU.Build.0 = Release|Any CPU
	EndGlobalSection
EndGlobal
